{
  "name": "ajs_3.1._library",
  "version": "1.0.0",
  "lockfileVersion": 1,
  "requires": true,
  "dependencies": {
    "@kira-khutornaya/ajs_3.1_platforms": {
      "version": "1.0.0",
      "resolved": "https://npm.pkg.github.com/download/@kira-khutornaya/ajs_3.1_platforms/1.0.0/bd2189578a9628412cee706f3ddf83857a9c05c1ff17f3a8eecbbd51705e4df7",
      "integrity": "sha1-WZT4HPe15VrafX/lmVjMKz7g2U8="
    }
  }
}
